
Microsoft Visual Studio Solution File, Format Version 12.00
# Visual Studio 15
VisualStudioVersion = 15.0.26124.0
MinimumVisualStudioVersion = 15.0.26124.0
Project("{2150E333-8FDC-42A3-9474-1A3956D46DE8}") = "src", "src", "{E5FC78C9-E138-4876-AD2A-B36FE56629C4}"
EndProject
Project("{FAE04EC0-301F-11D3-BF4B-00C04F79EFBC}") = "Cli", "src\Cli\Cli.csproj", "{2713843A-45E5-49C7-9664-BC0AA688BC70}"
EndProject
Project("{FAE04EC0-301F-11D3-BF4B-00C04F79EFBC}") = "Cli.Test", "src\Cli.Test\Cli.Test.csproj", "{5A958B8E-69C5-4856-A6BA-DA775F618DB3}"
EndProject
Project("{FAE04EC0-301F-11D3-BF4B-00C04F79EFBC}") = "CsGls.Test", "src\CsGls.Test\CsGls.Test.csproj", "{737CD93B-F025-47B4-9826-46AE148FF53B}"
EndProject
Project("{FAE04EC0-301F-11D3-BF4B-00C04F79EFBC}") = "CsGls", "src\CsGls\CsGls.csproj", "{0450C3FB-AF8D-4803-86C0-C72638090791}"
EndProject
Global
	GlobalSection(SolutionConfigurationPlatforms) = preSolution
		Debug|Any CPU = Debug|Any CPU
		Debug|x64 = Debug|x64
		Debug|x86 = Debug|x86
		Release|Any CPU = Release|Any CPU
		Release|x64 = Release|x64
		Release|x86 = Release|x86
	EndGlobalSection
	GlobalSection(SolutionProperties) = preSolution
		HideSolutionNode = FALSE
	EndGlobalSection
	GlobalSection(ProjectConfigurationPlatforms) = postSolution
		{2713843A-45E5-49C7-9664-BC0AA688BC70}.Debug|Any CPU.ActiveCfg = Debug|Any CPU
		{2713843A-45E5-49C7-9664-BC0AA688BC70}.Debug|Any CPU.Build.0 = Debug|Any CPU
		{2713843A-45E5-49C7-9664-BC0AA688BC70}.Debug|x64.ActiveCfg = Debug|Any CPU
		{2713843A-45E5-49C7-9664-BC0AA688BC70}.Debug|x64.Build.0 = Debug|Any CPU
		{2713843A-45E5-49C7-9664-BC0AA688BC70}.Debug|x86.ActiveCfg = Debug|Any CPU
		{2713843A-45E5-49C7-9664-BC0AA688BC70}.Debug|x86.Build.0 = Debug|Any CPU
		{2713843A-45E5-49C7-9664-BC0AA688BC70}.Release|Any CPU.ActiveCfg = Release|Any CPU
		{2713843A-45E5-49C7-9664-BC0AA688BC70}.Release|Any CPU.Build.0 = Release|Any CPU
		{2713843A-45E5-49C7-9664-BC0AA688BC70}.Release|x64.ActiveCfg = Release|Any CPU
		{2713843A-45E5-49C7-9664-BC0AA688BC70}.Release|x64.Build.0 = Release|Any CPU
		{2713843A-45E5-49C7-9664-BC0AA688BC70}.Release|x86.ActiveCfg = Release|Any CPU
		{2713843A-45E5-49C7-9664-BC0AA688BC70}.Release|x86.Build.0 = Release|Any CPU
		{5A958B8E-69C5-4856-A6BA-DA775F618DB3}.Debug|Any CPU.ActiveCfg = Debug|Any CPU
		{5A958B8E-69C5-4856-A6BA-DA775F618DB3}.Debug|Any CPU.Build.0 = Debug|Any CPU
		{5A958B8E-69C5-4856-A6BA-DA775F618DB3}.Debug|x64.ActiveCfg = Debug|Any CPU
		{5A958B8E-69C5-4856-A6BA-DA775F618DB3}.Debug|x64.Build.0 = Debug|Any CPU
		{5A958B8E-69C5-4856-A6BA-DA775F618DB3}.Debug|x86.ActiveCfg = Debug|Any CPU
		{5A958B8E-69C5-4856-A6BA-DA775F618DB3}.Debug|x86.Build.0 = Debug|Any CPU
		{5A958B8E-69C5-4856-A6BA-DA775F618DB3}.Release|Any CPU.ActiveCfg = Release|Any CPU
		{5A958B8E-69C5-4856-A6BA-DA775F618DB3}.Release|Any CPU.Build.0 = Release|Any CPU
		{5A958B8E-69C5-4856-A6BA-DA775F618DB3}.Release|x64.ActiveCfg = Release|Any CPU
		{5A958B8E-69C5-4856-A6BA-DA775F618DB3}.Release|x64.Build.0 = Release|Any CPU
		{5A958B8E-69C5-4856-A6BA-DA775F618DB3}.Release|x86.ActiveCfg = Release|Any CPU
		{5A958B8E-69C5-4856-A6BA-DA775F618DB3}.Release|x86.Build.0 = Release|Any CPU
		{737CD93B-F025-47B4-9826-46AE148FF53B}.Debug|Any CPU.ActiveCfg = Debug|Any CPU
		{737CD93B-F025-47B4-9826-46AE148FF53B}.Debug|Any CPU.Build.0 = Debug|Any CPU
		{737CD93B-F025-47B4-9826-46AE148FF53B}.Debug|x64.ActiveCfg = Debug|Any CPU
		{737CD93B-F025-47B4-9826-46AE148FF53B}.Debug|x64.Build.0 = Debug|Any CPU
		{737CD93B-F025-47B4-9826-46AE148FF53B}.Debug|x86.ActiveCfg = Debug|Any CPU
		{737CD93B-F025-47B4-9826-46AE148FF53B}.Debug|x86.Build.0 = Debug|Any CPU
		{737CD93B-F025-47B4-9826-46AE148FF53B}.Release|Any CPU.ActiveCfg = Release|Any CPU
		{737CD93B-F025-47B4-9826-46AE148FF53B}.Release|Any CPU.Build.0 = Release|Any CPU
		{737CD93B-F025-47B4-9826-46AE148FF53B}.Release|x64.ActiveCfg = Release|Any CPU
		{737CD93B-F025-47B4-9826-46AE148FF53B}.Release|x64.Build.0 = Release|Any CPU
		{737CD93B-F025-47B4-9826-46AE148FF53B}.Release|x86.ActiveCfg = Release|Any CPU
		{737CD93B-F025-47B4-9826-46AE148FF53B}.Release|x86.Build.0 = Release|Any CPU
		{0450C3FB-AF8D-4803-86C0-C72638090791}.Debug|Any CPU.ActiveCfg = Debug|Any CPU
		{0450C3FB-AF8D-4803-86C0-C72638090791}.Debug|Any CPU.Build.0 = Debug|Any CPU
		{0450C3FB-AF8D-4803-86C0-C72638090791}.Debug|x64.ActiveCfg = Debug|Any CPU
		{0450C3FB-AF8D-4803-86C0-C72638090791}.Debug|x64.Build.0 = Debug|Any CPU
		{0450C3FB-AF8D-4803-86C0-C72638090791}.Debug|x86.ActiveCfg = Debug|Any CPU
		{0450C3FB-AF8D-4803-86C0-C72638090791}.Debug|x86.Build.0 = Debug|Any CPU
		{0450C3FB-AF8D-4803-86C0-C72638090791}.Release|Any CPU.ActiveCfg = Release|Any CPU
		{0450C3FB-AF8D-4803-86C0-C72638090791}.Release|Any CPU.Build.0 = Release|Any CPU
		{0450C3FB-AF8D-4803-86C0-C72638090791}.Release|x64.ActiveCfg = Release|Any CPU
		{0450C3FB-AF8D-4803-86C0-C72638090791}.Release|x64.Build.0 = Release|Any CPU
		{0450C3FB-AF8D-4803-86C0-C72638090791}.Release|x86.ActiveCfg = Release|Any CPU
		{0450C3FB-AF8D-4803-86C0-C72638090791}.Release|x86.Build.0 = Release|Any CPU
	EndGlobalSection
	GlobalSection(NestedProjects) = preSolution
		{2713843A-45E5-49C7-9664-BC0AA688BC70} = {E5FC78C9-E138-4876-AD2A-B36FE56629C4}
		{5A958B8E-69C5-4856-A6BA-DA775F618DB3} = {E5FC78C9-E138-4876-AD2A-B36FE56629C4}
		{737CD93B-F025-47B4-9826-46AE148FF53B} = {E5FC78C9-E138-4876-AD2A-B36FE56629C4}
		{0450C3FB-AF8D-4803-86C0-C72638090791} = {E5FC78C9-E138-4876-AD2A-B36FE56629C4}
	EndGlobalSection
EndGlobal
